
Microsoft Visual Studio Solution File, Format Version 12.00
# Visual Studio Version 16
VisualStudioVersion = 16.0.31313.79
MinimumVisualStudioVersion = 10.0.40219.1
Project("{FAE04EC0-301F-11D3-BF4B-00C04F79EFBC}") = "G9DBVC", "G9DBVC.csproj", "{799AA731-BE36-489C-9018-8C215939AAB3}"
EndProject
Project("{FAE04EC0-301F-11D3-BF4B-00C04F79EFBC}") = "NUnitTest_G9DBVC", "..\NUnitTest_G9DBVC\NUnitTest_G9DBVC.csproj", "{FD391169-91BA-4CDB-9B10-097725A36A1E}"
EndProject
Project("{FAE04EC0-301F-11D3-BF4B-00C04F79EFBC}") = "G9DBVC_AppTest", "..\G9DBVC_AppTest\G9DBVC_AppTest.csproj", "{CDD0FB07-F242-4AE1-BCE2-5CE901B20D2E}"
EndProject
Global
	GlobalSection(SolutionConfigurationPlatforms) = preSolution
		Debug|Any CPU = Debug|Any CPU
		Release|Any CPU = Release|Any CPU
	EndGlobalSection
	GlobalSection(ProjectConfigurationPlatforms) = postSolution
		{799AA731-BE36-489C-9018-8C215939AAB3}.Debug|Any CPU.ActiveCfg = Debug|Any CPU
		{799AA731-BE36-489C-9018-8C215939AAB3}.Debug|Any CPU.Build.0 = Debug|Any CPU
		{799AA731-BE36-489C-9018-8C215939AAB3}.Release|Any CPU.ActiveCfg = Release|Any CPU
		{799AA731-BE36-489C-9018-8C215939AAB3}.Release|Any CPU.Build.0 = Release|Any CPU
		{FD391169-91BA-4CDB-9B10-097725A36A1E}.Debug|Any CPU.ActiveCfg = Debug|Any CPU
		{FD391169-91BA-4CDB-9B10-097725A36A1E}.Debug|Any CPU.Build.0 = Debug|Any CPU
		{FD391169-91BA-4CDB-9B10-097725A36A1E}.Release|Any CPU.ActiveCfg = Release|Any CPU
		{FD391169-91BA-4CDB-9B10-097725A36A1E}.Release|Any CPU.Build.0 = Release|Any CPU
		{CDD0FB07-F242-4AE1-BCE2-5CE901B20D2E}.Debug|Any CPU.ActiveCfg = Debug|Any CPU
		{CDD0FB07-F242-4AE1-BCE2-5CE901B20D2E}.Debug|Any CPU.Build.0 = Debug|Any CPU
		{CDD0FB07-F242-4AE1-BCE2-5CE901B20D2E}.Release|Any CPU.ActiveCfg = Release|Any CPU
		{CDD0FB07-F242-4AE1-BCE2-5CE901B20D2E}.Release|Any CPU.Build.0 = Release|Any CPU
	EndGlobalSection
	GlobalSection(SolutionProperties) = preSolution
		HideSolutionNode = FALSE
	EndGlobalSection
	GlobalSection(ExtensibilityGlobals) = postSolution
		SolutionGuid = {AAAD97BE-D917-4AAA-9D42-CE236450EF64}
	EndGlobalSection
EndGlobal
