
Microsoft Visual Studio Solution File, Format Version 12.00
# Visual Studio Version 16
VisualStudioVersion = 16.0.31313.79
MinimumVisualStudioVersion = 10.0.40219.1
Project("{9A19103F-16F7-4668-BE54-9A1E7A4F7556}") = "G9DatabaseVersionControlCore", "G9DatabaseVersionControlCore.csproj", "{36C19ED9-3F11-4281-BF72-46967E13AC82}"
EndProject
Project("{2150E333-8FDC-42A3-9474-1A3956D46DE8}") = "0- Core", "0- Core", "{3E4ACD19-B347-4398-9E81-AF12DF626295}"
EndProject
Project("{2150E333-8FDC-42A3-9474-1A3956D46DE8}") = "3- NUnitTest", "3- NUnitTest", "{AD0AC159-3BC1-4CA5-AD31-F7238D6A9ABF}"
EndProject
Project("{9A19103F-16F7-4668-BE54-9A1E7A4F7556}") = "G9DatabaseVersionControlUnitTest", "..\G9DatabaseVersionControlUnitTest\G9DatabaseVersionControlUnitTest.csproj", "{B28918B7-21C0-492A-811F-BEB4A76EC2DB}"
EndProject
Project("{2150E333-8FDC-42A3-9474-1A3956D46DE8}") = "2- Test Project", "2- Test Project", "{2381E080-8975-4F35-A34F-B74471210760}"
EndProject
Project("{9A19103F-16F7-4668-BE54-9A1E7A4F7556}") = "G9DatabaseVersionControlSampleUpdate", "..\G9DatabaseVersionControlSampleUpdate\G9DatabaseVersionControlSampleUpdate.csproj", "{1244EF67-045A-43D1-9A24-834D6F3889BE}"
EndProject
Project("{2150E333-8FDC-42A3-9474-1A3956D46DE8}") = "1- DatabaseSupport", "1- DatabaseSupport", "{C8956F96-98F1-4B04-8ECF-EAC24BEF37FA}"
EndProject
Project("{9A19103F-16F7-4668-BE54-9A1E7A4F7556}") = "G9DatabaseVersionControlCore.SqlServer", "..\G9DatabaseVersionControlCore.SqlServer\G9DatabaseVersionControlCore.SqlServer.csproj", "{464DD6B5-4CF6-4E62-9DBD-4875C6353D7F}"
EndProject
Project("{9A19103F-16F7-4668-BE54-9A1E7A4F7556}") = "G9DatabaseVersionControlWebMVCSampleApp", "..\G9DatabaseVersionControlWebMVCSampleApp\G9DatabaseVersionControlWebMVCSampleApp.csproj", "{ED594849-47A6-4BA2-97A4-A641431AA7D7}"
EndProject
Project("{FAE04EC0-301F-11D3-BF4B-00C04F79EFBC}") = "G9DatabaseVersionControlCore.WebOutput", "..\G9DatabaseVersionControlCore.WebOutput\G9DatabaseVersionControlCore.WebOutput.csproj", "{3E9F133E-F3C7-44BC-96D0-117FA8A3F9E0}"
EndProject
Global
	GlobalSection(SolutionConfigurationPlatforms) = preSolution
		Debug|Any CPU = Debug|Any CPU
		Release|Any CPU = Release|Any CPU
	EndGlobalSection
	GlobalSection(ProjectConfigurationPlatforms) = postSolution
		{36C19ED9-3F11-4281-BF72-46967E13AC82}.Debug|Any CPU.ActiveCfg = Debug|Any CPU
		{36C19ED9-3F11-4281-BF72-46967E13AC82}.Debug|Any CPU.Build.0 = Debug|Any CPU
		{36C19ED9-3F11-4281-BF72-46967E13AC82}.Release|Any CPU.ActiveCfg = Release|Any CPU
		{36C19ED9-3F11-4281-BF72-46967E13AC82}.Release|Any CPU.Build.0 = Release|Any CPU
		{B28918B7-21C0-492A-811F-BEB4A76EC2DB}.Debug|Any CPU.ActiveCfg = Debug|Any CPU
		{B28918B7-21C0-492A-811F-BEB4A76EC2DB}.Debug|Any CPU.Build.0 = Debug|Any CPU
		{B28918B7-21C0-492A-811F-BEB4A76EC2DB}.Release|Any CPU.ActiveCfg = Release|Any CPU
		{B28918B7-21C0-492A-811F-BEB4A76EC2DB}.Release|Any CPU.Build.0 = Release|Any CPU
		{1244EF67-045A-43D1-9A24-834D6F3889BE}.Debug|Any CPU.ActiveCfg = Debug|Any CPU
		{1244EF67-045A-43D1-9A24-834D6F3889BE}.Debug|Any CPU.Build.0 = Debug|Any CPU
		{1244EF67-045A-43D1-9A24-834D6F3889BE}.Release|Any CPU.ActiveCfg = Release|Any CPU
		{1244EF67-045A-43D1-9A24-834D6F3889BE}.Release|Any CPU.Build.0 = Release|Any CPU
		{464DD6B5-4CF6-4E62-9DBD-4875C6353D7F}.Debug|Any CPU.ActiveCfg = Debug|Any CPU
		{464DD6B5-4CF6-4E62-9DBD-4875C6353D7F}.Debug|Any CPU.Build.0 = Debug|Any CPU
		{464DD6B5-4CF6-4E62-9DBD-4875C6353D7F}.Release|Any CPU.ActiveCfg = Release|Any CPU
		{464DD6B5-4CF6-4E62-9DBD-4875C6353D7F}.Release|Any CPU.Build.0 = Release|Any CPU
		{ED594849-47A6-4BA2-97A4-A641431AA7D7}.Debug|Any CPU.ActiveCfg = Debug|Any CPU
		{ED594849-47A6-4BA2-97A4-A641431AA7D7}.Debug|Any CPU.Build.0 = Debug|Any CPU
		{ED594849-47A6-4BA2-97A4-A641431AA7D7}.Release|Any CPU.ActiveCfg = Release|Any CPU
		{ED594849-47A6-4BA2-97A4-A641431AA7D7}.Release|Any CPU.Build.0 = Release|Any CPU
		{3E9F133E-F3C7-44BC-96D0-117FA8A3F9E0}.Debug|Any CPU.ActiveCfg = Debug|Any CPU
		{3E9F133E-F3C7-44BC-96D0-117FA8A3F9E0}.Debug|Any CPU.Build.0 = Debug|Any CPU
		{3E9F133E-F3C7-44BC-96D0-117FA8A3F9E0}.Release|Any CPU.ActiveCfg = Release|Any CPU
		{3E9F133E-F3C7-44BC-96D0-117FA8A3F9E0}.Release|Any CPU.Build.0 = Release|Any CPU
	EndGlobalSection
	GlobalSection(SolutionProperties) = preSolution
		HideSolutionNode = FALSE
	EndGlobalSection
	GlobalSection(NestedProjects) = preSolution
		{36C19ED9-3F11-4281-BF72-46967E13AC82} = {3E4ACD19-B347-4398-9E81-AF12DF626295}
		{B28918B7-21C0-492A-811F-BEB4A76EC2DB} = {AD0AC159-3BC1-4CA5-AD31-F7238D6A9ABF}
		{1244EF67-045A-43D1-9A24-834D6F3889BE} = {2381E080-8975-4F35-A34F-B74471210760}
		{464DD6B5-4CF6-4E62-9DBD-4875C6353D7F} = {C8956F96-98F1-4B04-8ECF-EAC24BEF37FA}
		{ED594849-47A6-4BA2-97A4-A641431AA7D7} = {2381E080-8975-4F35-A34F-B74471210760}
		{3E9F133E-F3C7-44BC-96D0-117FA8A3F9E0} = {3E4ACD19-B347-4398-9E81-AF12DF626295}
	EndGlobalSection
	GlobalSection(ExtensibilityGlobals) = postSolution
		SolutionGuid = {DCDB5801-565A-4A40-A04E-7D122FF55D93}
	EndGlobalSection
EndGlobal
