
Microsoft Visual Studio Solution File, Format Version 12.00
# Visual Studio Version 16
VisualStudioVersion = 16.0.31313.79
MinimumVisualStudioVersion = 10.0.40219.1
Project("{FAE04EC0-301F-11D3-BF4B-00C04F79EFBC}") = "G9DatabaseVersionControlCore", "G9DatabaseVersionControlCore.csproj", "{36C19ED9-3F11-4281-BF72-46967E13AC82}"
EndProject
Project("{2150E333-8FDC-42A3-9474-1A3956D46DE8}") = "1- Core", "1- Core", "{3E4ACD19-B347-4398-9E81-AF12DF626295}"
EndProject
Project("{2150E333-8FDC-42A3-9474-1A3956D46DE8}") = "3- Test", "3- Test", "{AD0AC159-3BC1-4CA5-AD31-F7238D6A9ABF}"
EndProject
Project("{FAE04EC0-301F-11D3-BF4B-00C04F79EFBC}") = "G9DatabaseVersionControlUnitTest", "..\G9DatabaseVersionControlUnitTest\G9DatabaseVersionControlUnitTest.csproj", "{B28918B7-21C0-492A-811F-BEB4A76EC2DB}"
EndProject
Global
	GlobalSection(SolutionConfigurationPlatforms) = preSolution
		Debug|Any CPU = Debug|Any CPU
		Release|Any CPU = Release|Any CPU
	EndGlobalSection
	GlobalSection(ProjectConfigurationPlatforms) = postSolution
		{36C19ED9-3F11-4281-BF72-46967E13AC82}.Debug|Any CPU.ActiveCfg = Debug|Any CPU
		{36C19ED9-3F11-4281-BF72-46967E13AC82}.Debug|Any CPU.Build.0 = Debug|Any CPU
		{36C19ED9-3F11-4281-BF72-46967E13AC82}.Release|Any CPU.ActiveCfg = Release|Any CPU
		{36C19ED9-3F11-4281-BF72-46967E13AC82}.Release|Any CPU.Build.0 = Release|Any CPU
		{B28918B7-21C0-492A-811F-BEB4A76EC2DB}.Debug|Any CPU.ActiveCfg = Debug|Any CPU
		{B28918B7-21C0-492A-811F-BEB4A76EC2DB}.Debug|Any CPU.Build.0 = Debug|Any CPU
		{B28918B7-21C0-492A-811F-BEB4A76EC2DB}.Release|Any CPU.ActiveCfg = Release|Any CPU
		{B28918B7-21C0-492A-811F-BEB4A76EC2DB}.Release|Any CPU.Build.0 = Release|Any CPU
	EndGlobalSection
	GlobalSection(SolutionProperties) = preSolution
		HideSolutionNode = FALSE
	EndGlobalSection
	GlobalSection(NestedProjects) = preSolution
		{36C19ED9-3F11-4281-BF72-46967E13AC82} = {3E4ACD19-B347-4398-9E81-AF12DF626295}
		{B28918B7-21C0-492A-811F-BEB4A76EC2DB} = {AD0AC159-3BC1-4CA5-AD31-F7238D6A9ABF}
	EndGlobalSection
	GlobalSection(ExtensibilityGlobals) = postSolution
		SolutionGuid = {DCDB5801-565A-4A40-A04E-7D122FF55D93}
	EndGlobalSection
EndGlobal
